<?xml version="1.0" encoding="utf-8"?>
<Project ToolsVersion="4.0" xmlns="http://schemas.microsoft.com/developer/msbuild/2003">
  <ItemGroup>
    <Text Include="..\src\CMakeLists.txt" />
    <Text Include="..\src\EngineImpl\CMakeLists.txt" />
    <Text Include="..\src\Core\CMakeLists.txt" />
  </ItemGroup>
  <ItemGroup>
    <ClCompile Include="..\src\EngineImpl\Collision.cpp">
      <Filter>Components</Filter>
    </ClCompile>
    <ClCompile Include="..\src\EngineImpl\RigidBody.cpp">
      <Filter>Components</Filter>
    </ClCompile>
    <ClCompile Include="..\src\EngineImpl\Animation.cpp">
      <Filter>Components</Filter>
    </ClCompile>
    <ClCompile Include="..\src\Engine\HGEvent.cpp">
      <Filter>Engine</Filter>
    </ClCompile>
    <ClCompile Include="..\src\EngineImpl\Camera.cpp">
      <Filter>Impl</Filter>
    </ClCompile>
    <ClCompile Include="..\src\EngineImpl\EngineImpl.cc">
      <Filter>Impl</Filter>
    </ClCompile>
    <ClCompile Include="..\src\EngineImpl\GameObject.cc">
      <Filter>Impl</Filter>
    </ClCompile>
    <ClCompile Include="..\src\EngineImpl\GameObject2D.cc">
      <Filter>Impl</Filter>
    </ClCompile>
    <ClCompile Include="..\src\EngineImpl\Layer.cpp">
      <Filter>Impl</Filter>
    </ClCompile>
    <ClCompile Include="..\src\EngineImpl\Loop.cc">
      <Filter>Impl</Filter>
    </ClCompile>
    <ClCompile Include="..\src\Main.cc">
      <Filter>Impl</Filter>
    </ClCompile>
    <ClCompile Include="..\src\EngineImpl\Renderer2D.cc">
      <Filter>Impl</Filter>
    </ClCompile>
    <ClCompile Include="..\src\EngineImpl\Scene.cc">
      <Filter>Impl</Filter>
    </ClCompile>
    <ClCompile Include="..\src\Core\Screen.cc">
      <Filter>Impl</Filter>
    </ClCompile>
    <ClCompile Include="..\test\Script1.cpp">
      <Filter>Impl</Filter>
    </ClCompile>
    <ClCompile Include="..\src\EngineImpl\Thread.cc">
      <Filter>Impl</Filter>
    </ClCompile>
    <ClCompile Include="..\src\EngineImpl\Window.cc">
      <Filter>Impl</Filter>
    </ClCompile>
    <ClCompile Include="..\src\EngineImpl\Renderer.cc">
      <Filter>Impl</Filter>
    </ClCompile>
    <ClCompile Include="..\src\EngineImpl\Init.cc">
      <Filter>Impl</Filter>
    </ClCompile>
  </ItemGroup>
  <ItemGroup>
    <ClInclude Include="..\src\EngineImpl\RigidBody.h">
      <Filter>Components</Filter>
    </ClInclude>
    <ClInclude Include="..\src\EngineImpl\Transform.hpp">
      <Filter>Components</Filter>
    </ClInclude>
    <ClInclude Include="..\src\EngineImpl\Collision.h">
      <Filter>Components</Filter>
    </ClInclude>
    <ClInclude Include="..\src\EngineImpl\Timer.hpp">
      <Filter>Components</Filter>
    </ClInclude>
    <ClInclude Include="..\src\EngineImpl\Animation.h">
      <Filter>Components</Filter>
    </ClInclude>
    <ClInclude Include="..\src\Engine\HG.h">
      <Filter>Engine</Filter>
    </ClInclude>
    <ClInclude Include="..\src\Engine\HGBehaviour.h">
      <Filter>Engine</Filter>
    </ClInclude>
    <ClInclude Include="..\src\Engine\HGComponent.h">
      <Filter>Engine</Filter>
    </ClInclude>
    <ClInclude Include="..\src\Engine\HGEvent.h">
      <Filter>Engine</Filter>
    </ClInclude>
    <ClInclude Include="..\src\Engine\HGObject.h">
      <Filter>Engine</Filter>
    </ClInclude>
    <ClInclude Include="..\src\Engine\HGRenderer.h">
      <Filter>Engine</Filter>
    </ClInclude>
    <ClInclude Include="..\src\EngineImpl\Camera.h">
      <Filter>Impl</Filter>
    </ClInclude>
    <ClInclude Include="..\src\EngineImpl\EngineImpl.h">
      <Filter>Impl</Filter>
    </ClInclude>
    <ClInclude Include="..\src\EngineImpl\EngineObjectSerilization.hpp">
      <Filter>Impl</Filter>
    </ClInclude>
    <ClInclude Include="..\src\EngineImpl\Font.hpp">
      <Filter>Impl</Filter>
    </ClInclude>
    <ClInclude Include="..\src\EngineImpl\GameObject.h">
      <Filter>Impl</Filter>
    </ClInclude>
    <ClInclude Include="..\src\EngineImpl\GameObject2D.h">
      <Filter>Impl</Filter>
    </ClInclude>
    <ClInclude Include="..\src\EngineImpl\Layer.h">
      <Filter>Impl</Filter>
    </ClInclude>
    <ClInclude Include="..\src\EngineImpl\Loop.h">
      <Filter>Impl</Filter>
    </ClInclude>
    <ClInclude Include="..\src\EngineImpl\Renderer2D.h">
      <Filter>Impl</Filter>
    </ClInclude>
    <ClInclude Include="..\src\EngineImpl\Scene.h">
      <Filter>Impl</Filter>
    </ClInclude>
    <ClInclude Include="..\src\Core\Screen.h">
      <Filter>Impl</Filter>
    </ClInclude>
    <ClInclude Include="..\src\Core\Test.hpp">
      <Filter>Impl</Filter>
    </ClInclude>
    <ClInclude Include="..\src\EngineImpl\Thread.h">
      <Filter>Impl</Filter>
    </ClInclude>
    <ClInclude Include="..\src\EngineImpl\Window.h">
      <Filter>Impl</Filter>
    </ClInclude>
    <ClInclude Include="..\src\EngineImpl\Renderer.h">
      <Filter>Impl</Filter>
    </ClInclude>
    <ClInclude Include="..\src\EngineImpl\Init.h">
      <Filter>Impl</Filter>
    </ClInclude>
  </ItemGroup>
  <ItemGroup>
    <None Include="..\src\Core\README.md" />
    <None Include="packages.config" />
  </ItemGroup>
  <ItemGroup>
    <Filter Include="Components">
      <UniqueIdentifier>{e3f97470-3655-45d9-8075-3b3b7ffa4c63}</UniqueIdentifier>
    </Filter>
    <Filter Include="Engine">
      <UniqueIdentifier>{42ae57b0-6769-480a-9c45-103b741d6bde}</UniqueIdentifier>
    </Filter>
    <Filter Include="Impl">
      <UniqueIdentifier>{8a260598-a57e-44c9-be59-6edd35b8c4ec}</UniqueIdentifier>
    </Filter>
  </ItemGroup>
</Project>