<?xml version="1.0" encoding="utf-8"?>
<Project ToolsVersion="4.0" xmlns="http://schemas.microsoft.com/developer/msbuild/2003">
  <ItemGroup>
    <Text Include="..\src\CMakeLists.txt" />
    <Text Include="..\src\EngineImpl\CMakeLists.txt" />
    <Text Include="..\src\Core\CMakeLists.txt" />
  </ItemGroup>
  <ItemGroup>
    <ClCompile Include="..\src\Main.cc" />
    <ClCompile Include="..\src\EngineImpl\EngineImpl.cc" />
    <ClCompile Include="..\src\EngineImpl\GameObject.cc" />
    <ClCompile Include="..\src\EngineImpl\GameObject2D.cc" />
    <ClCompile Include="..\src\EngineImpl\Renderer2D.cc" />
    <ClCompile Include="..\src\EngineImpl\Scene.cc" />
    <ClCompile Include="..\src\Core\Init.cc" />
    <ClCompile Include="..\src\Core\Loop.cc" />
    <ClCompile Include="..\src\Core\Random.cc" />
    <ClCompile Include="..\src\Core\Renderer.cc" />
    <ClCompile Include="..\src\Core\Screen.cc" />
    <ClCompile Include="..\src\Core\Thread.cc" />
    <ClCompile Include="..\src\Core\Window.cc" />
    <ClCompile Include="..\src\EngineImpl\Camera.cpp" />
    <ClCompile Include="..\test\Script1.cpp" />
    <ClCompile Include="..\src\Engine\HGEvent.cpp" />
    <ClCompile Include="..\src\EngineImpl\Layer.cpp" />
    <ClCompile Include="..\src\EngineImpl\Collision.cpp">
      <Filter>Components</Filter>
    </ClCompile>
    <ClCompile Include="..\src\EngineImpl\RigidBody.cpp">
      <Filter>Components</Filter>
    </ClCompile>
    <ClCompile Include="..\src\EngineImpl\Animation.cpp">
      <Filter>Components</Filter>
    </ClCompile>
  </ItemGroup>
  <ItemGroup>
    <ClInclude Include="..\src\EngineImpl\Camera.h" />
    <ClInclude Include="..\src\EngineImpl\EngineImpl.h" />
    <ClInclude Include="..\src\EngineImpl\GameObject.h" />
    <ClInclude Include="..\src\EngineImpl\GameObject2D.h" />
    <ClInclude Include="..\src\EngineImpl\Renderer2D.h" />
    <ClInclude Include="..\src\EngineImpl\Scene.h" />
    <ClInclude Include="..\src\Engine\HG.h" />
    <ClInclude Include="..\src\Core\Error.h" />
    <ClInclude Include="..\src\Core\Init.h" />
    <ClInclude Include="..\src\Core\Log.h" />
    <ClInclude Include="..\src\Core\Loop.h" />
    <ClInclude Include="..\src\Core\Math.h" />
    <ClInclude Include="..\src\Core\Memory.h" />
    <ClInclude Include="..\src\Core\Random.h" />
    <ClInclude Include="..\src\Core\Renderer.h" />
    <ClInclude Include="..\src\Core\Screen.h" />
    <ClInclude Include="..\src\Core\Thread.h" />
    <ClInclude Include="..\src\Core\Type.h" />
    <ClInclude Include="..\src\Core\Window.h" />
    <ClInclude Include="..\src\Core\Test.hpp" />
    <ClInclude Include="..\src\Core\Directory.hpp" />
    <ClInclude Include="..\src\EngineImpl\Font.hpp" />
    <ClInclude Include="..\src\Engine\HGBehaviour.h" />
    <ClInclude Include="..\src\Engine\HGRenderer.h" />
    <ClInclude Include="..\src\Engine\HGEvent.h" />
    <ClInclude Include="..\src\Engine\HGObject.h" />
    <ClInclude Include="..\src\Engine\HGComponent.h" />
    <ClInclude Include="..\src\EngineImpl\RigidBody.h">
      <Filter>Components</Filter>
    </ClInclude>
    <ClInclude Include="..\src\EngineImpl\Transform.hpp">
      <Filter>Components</Filter>
    </ClInclude>
    <ClInclude Include="..\src\EngineImpl\Collision.h">
      <Filter>Components</Filter>
    </ClInclude>
    <ClInclude Include="..\src\EngineImpl\Timer.hpp">
      <Filter>Components</Filter>
    </ClInclude>
    <ClInclude Include="..\src\EngineImpl\Layer.h" />
    <ClInclude Include="..\src\EngineImpl\Animation.h">
      <Filter>Components</Filter>
    </ClInclude>
    <ClInclude Include="..\src\Core\Serialization.h" />
    <ClInclude Include="..\src\EngineImpl\EngineObjectSerilization.hpp" />
  </ItemGroup>
  <ItemGroup>
    <None Include="..\src\Core\README.md" />
    <None Include="packages.config" />
  </ItemGroup>
  <ItemGroup>
    <Filter Include="Components">
      <UniqueIdentifier>{e3f97470-3655-45d9-8075-3b3b7ffa4c63}</UniqueIdentifier>
    </Filter>
  </ItemGroup>
</Project>